
Microsoft Visual Studio Solution File, Format Version 12.00
# Visual Studio Version 16
VisualStudioVersion = 16.0.30907.101
MinimumVisualStudioVersion = 10.0.40219.1
Project("{FAE04EC0-301F-11D3-BF4B-00C04F79EFBC}") = "RPSLS", "RPSLS\RPSLS.csproj", "{B8B1ED21-2550-4E1C-A64B-EDDF18D0275F}"
EndProject
Global
	GlobalSection(SolutionConfigurationPlatforms) = preSolution
		Debug|Any CPU = Debug|Any CPU
		Release|Any CPU = Release|Any CPU
	EndGlobalSection
	GlobalSection(ProjectConfigurationPlatforms) = postSolution
		{B8B1ED21-2550-4E1C-A64B-EDDF18D0275F}.Debug|Any CPU.ActiveCfg = Debug|Any CPU
		{B8B1ED21-2550-4E1C-A64B-EDDF18D0275F}.Debug|Any CPU.Build.0 = Debug|Any CPU
		{B8B1ED21-2550-4E1C-A64B-EDDF18D0275F}.Release|Any CPU.ActiveCfg = Release|Any CPU
		{B8B1ED21-2550-4E1C-A64B-EDDF18D0275F}.Release|Any CPU.Build.0 = Release|Any CPU
	EndGlobalSection
	GlobalSection(SolutionProperties) = preSolution
		HideSolutionNode = FALSE
	EndGlobalSection
	GlobalSection(ExtensibilityGlobals) = postSolution
		SolutionGuid = {1B8D218D-1AB1-44AD-968F-E81D03394215}
	EndGlobalSection
EndGlobal
